
Microsoft Visual Studio Solution File, Format Version 12.00
# Visual Studio Version 17
VisualStudioVersion = 17.2.32630.192
MinimumVisualStudioVersion = 10.0.40219.1
Project("{FAE04EC0-301F-11D3-BF4B-00C04F79EFBC}") = "0102 실습", "0102 실습.csproj", "{9C7ED743-5496-4BCE-A60B-5928A17458E4}"
EndProject
Global
	GlobalSection(SolutionConfigurationPlatforms) = preSolution
		Debug|Any CPU = Debug|Any CPU
		Release|Any CPU = Release|Any CPU
	EndGlobalSection
	GlobalSection(ProjectConfigurationPlatforms) = postSolution
		{9C7ED743-5496-4BCE-A60B-5928A17458E4}.Debug|Any CPU.ActiveCfg = Debug|Any CPU
		{9C7ED743-5496-4BCE-A60B-5928A17458E4}.Debug|Any CPU.Build.0 = Debug|Any CPU
		{9C7ED743-5496-4BCE-A60B-5928A17458E4}.Release|Any CPU.ActiveCfg = Release|Any CPU
		{9C7ED743-5496-4BCE-A60B-5928A17458E4}.Release|Any CPU.Build.0 = Release|Any CPU
	EndGlobalSection
	GlobalSection(SolutionProperties) = preSolution
		HideSolutionNode = FALSE
	EndGlobalSection
	GlobalSection(ExtensibilityGlobals) = postSolution
		SolutionGuid = {5B885BC7-18BD-43D2-9321-D972B7D1591F}
	EndGlobalSection
EndGlobal
