
Microsoft Visual Studio Solution File, Format Version 12.00
# Visual Studio Version 17
VisualStudioVersion = 17.2.32630.192
MinimumVisualStudioVersion = 10.0.40219.1
Project("{FAE04EC0-301F-11D3-BF4B-00C04F79EFBC}") = "THE_GAMBLER", "THE_GAMBLER.csproj", "{12655CAC-BA73-48EF-A521-EEB2CFA19A79}"
EndProject
Project("{2150E333-8FDC-42A3-9474-1A3956D46DE8}") = "솔루션 항목", "솔루션 항목", "{EC3D6972-C8C1-491F-8521-55502E82F222}"
EndProject
Global
	GlobalSection(SolutionConfigurationPlatforms) = preSolution
		Debug|Any CPU = Debug|Any CPU
		Release|Any CPU = Release|Any CPU
	EndGlobalSection
	GlobalSection(ProjectConfigurationPlatforms) = postSolution
		{12655CAC-BA73-48EF-A521-EEB2CFA19A79}.Debug|Any CPU.ActiveCfg = Debug|Any CPU
		{12655CAC-BA73-48EF-A521-EEB2CFA19A79}.Debug|Any CPU.Build.0 = Debug|Any CPU
		{12655CAC-BA73-48EF-A521-EEB2CFA19A79}.Release|Any CPU.ActiveCfg = Release|Any CPU
		{12655CAC-BA73-48EF-A521-EEB2CFA19A79}.Release|Any CPU.Build.0 = Release|Any CPU
	EndGlobalSection
	GlobalSection(SolutionProperties) = preSolution
		HideSolutionNode = FALSE
	EndGlobalSection
	GlobalSection(ExtensibilityGlobals) = postSolution
		SolutionGuid = {37E85DA1-8086-4925-8CB9-A9C48D180831}
	EndGlobalSection
EndGlobal
